
Microsoft Visual Studio Solution File, Format Version 12.00
# Visual Studio Version 17
VisualStudioVersion = 17.6.33815.320
MinimumVisualStudioVersion = 10.0.40219.1
Project("{FAE04EC0-301F-11D3-BF4B-00C04F79EFBC}") = "FullCourse", "FullCourse\FullCourse.csproj", "{E6D7E5F3-ABAC-4254-AD12-14D7C0DB21AD}"
EndProject
Global
	GlobalSection(SolutionConfigurationPlatforms) = preSolution
		Debug|Any CPU = Debug|Any CPU
		Release|Any CPU = Release|Any CPU
	EndGlobalSection
	GlobalSection(ProjectConfigurationPlatforms) = postSolution
		{E6D7E5F3-ABAC-4254-AD12-14D7C0DB21AD}.Debug|Any CPU.ActiveCfg = Debug|Any CPU
		{E6D7E5F3-ABAC-4254-AD12-14D7C0DB21AD}.Debug|Any CPU.Build.0 = Debug|Any CPU
		{E6D7E5F3-ABAC-4254-AD12-14D7C0DB21AD}.Release|Any CPU.ActiveCfg = Release|Any CPU
		{E6D7E5F3-ABAC-4254-AD12-14D7C0DB21AD}.Release|Any CPU.Build.0 = Release|Any CPU
	EndGlobalSection
	GlobalSection(SolutionProperties) = preSolution
		HideSolutionNode = FALSE
	EndGlobalSection
	GlobalSection(ExtensibilityGlobals) = postSolution
		SolutionGuid = {72A97B02-E64A-4444-BB1B-0892311D7B9F}
	EndGlobalSection
EndGlobal
